
Microsoft Visual Studio Solution File, Format Version 12.00
# Visual Studio Version 17
VisualStudioVersion = 17.0.31903.59
MinimumVisualStudioVersion = 10.0.40219.1
Project("{2150E333-8FDC-42A3-9474-1A3956D46DE8}") = "src", "src", "{0D2CDCCD-8763-4FD7-B43C-B5B1B9E685DE}"
EndProject
Project("{FAE04EC0-301F-11D3-BF4B-00C04F79EFBC}") = "MyLearningPath.Core", "src\MyLearningPath.Core\MyLearningPath.Core.csproj", "{B1AE95D2-82CB-445A-9892-4ADD69A2CC5C}"
EndProject
Project("{FAE04EC0-301F-11D3-BF4B-00C04F79EFBC}") = "MyLearningPath.Infrastructure", "src\MyLearningPath.Infrastructure\MyLearningPath.Infrastructure.csproj", "{41B812F7-3AB6-4F74-8104-C94C9A1CFE55}"
EndProject
Project("{FAE04EC0-301F-11D3-BF4B-00C04F79EFBC}") = "MyLearningPath.Web", "src\MyLearningPath.Web\MyLearningPath.Web.csproj", "{2FA6F076-3AF2-42C1-8A73-DC02251AA73C}"
EndProject
Project("{FAE04EC0-301F-11D3-BF4B-00C04F79EFBC}") = "MyLearningPath.MachineLearning", "src\MyLearningPath.MachineLearning\MyLearningPath.MachineLearning.csproj", "{4B7E5ACF-25FD-45EE-ADAD-BEF622401D6E}"
EndProject
Project("{FAE04EC0-301F-11D3-BF4B-00C04F79EFBC}") = "MyLearningPath.Common", "MyLearningPath.Common\MyLearningPath.Common.csproj", "{C4830102-438D-4A0D-A94E-DDA1B9A8FA90}"
EndProject
Global
	GlobalSection(SolutionConfigurationPlatforms) = preSolution
		Debug|Any CPU = Debug|Any CPU
		Release|Any CPU = Release|Any CPU
	EndGlobalSection
	GlobalSection(SolutionProperties) = preSolution
		HideSolutionNode = FALSE
	EndGlobalSection
	GlobalSection(ProjectConfigurationPlatforms) = postSolution
		{B1AE95D2-82CB-445A-9892-4ADD69A2CC5C}.Debug|Any CPU.ActiveCfg = Debug|Any CPU
		{B1AE95D2-82CB-445A-9892-4ADD69A2CC5C}.Debug|Any CPU.Build.0 = Debug|Any CPU
		{B1AE95D2-82CB-445A-9892-4ADD69A2CC5C}.Release|Any CPU.ActiveCfg = Release|Any CPU
		{B1AE95D2-82CB-445A-9892-4ADD69A2CC5C}.Release|Any CPU.Build.0 = Release|Any CPU
		{41B812F7-3AB6-4F74-8104-C94C9A1CFE55}.Debug|Any CPU.ActiveCfg = Debug|Any CPU
		{41B812F7-3AB6-4F74-8104-C94C9A1CFE55}.Debug|Any CPU.Build.0 = Debug|Any CPU
		{41B812F7-3AB6-4F74-8104-C94C9A1CFE55}.Release|Any CPU.ActiveCfg = Release|Any CPU
		{41B812F7-3AB6-4F74-8104-C94C9A1CFE55}.Release|Any CPU.Build.0 = Release|Any CPU
		{2FA6F076-3AF2-42C1-8A73-DC02251AA73C}.Debug|Any CPU.ActiveCfg = Debug|Any CPU
		{2FA6F076-3AF2-42C1-8A73-DC02251AA73C}.Debug|Any CPU.Build.0 = Debug|Any CPU
		{2FA6F076-3AF2-42C1-8A73-DC02251AA73C}.Release|Any CPU.ActiveCfg = Release|Any CPU
		{2FA6F076-3AF2-42C1-8A73-DC02251AA73C}.Release|Any CPU.Build.0 = Release|Any CPU
		{4B7E5ACF-25FD-45EE-ADAD-BEF622401D6E}.Debug|Any CPU.ActiveCfg = Debug|Any CPU
		{4B7E5ACF-25FD-45EE-ADAD-BEF622401D6E}.Debug|Any CPU.Build.0 = Debug|Any CPU
		{4B7E5ACF-25FD-45EE-ADAD-BEF622401D6E}.Release|Any CPU.ActiveCfg = Release|Any CPU
		{4B7E5ACF-25FD-45EE-ADAD-BEF622401D6E}.Release|Any CPU.Build.0 = Release|Any CPU
		{C4830102-438D-4A0D-A94E-DDA1B9A8FA90}.Debug|Any CPU.ActiveCfg = Debug|Any CPU
		{C4830102-438D-4A0D-A94E-DDA1B9A8FA90}.Debug|Any CPU.Build.0 = Debug|Any CPU
		{C4830102-438D-4A0D-A94E-DDA1B9A8FA90}.Release|Any CPU.ActiveCfg = Release|Any CPU
		{C4830102-438D-4A0D-A94E-DDA1B9A8FA90}.Release|Any CPU.Build.0 = Release|Any CPU
	EndGlobalSection
	GlobalSection(NestedProjects) = preSolution
		{B1AE95D2-82CB-445A-9892-4ADD69A2CC5C} = {0D2CDCCD-8763-4FD7-B43C-B5B1B9E685DE}
		{41B812F7-3AB6-4F74-8104-C94C9A1CFE55} = {0D2CDCCD-8763-4FD7-B43C-B5B1B9E685DE}
		{2FA6F076-3AF2-42C1-8A73-DC02251AA73C} = {0D2CDCCD-8763-4FD7-B43C-B5B1B9E685DE}
		{4B7E5ACF-25FD-45EE-ADAD-BEF622401D6E} = {0D2CDCCD-8763-4FD7-B43C-B5B1B9E685DE}
		{C4830102-438D-4A0D-A94E-DDA1B9A8FA90} = {0D2CDCCD-8763-4FD7-B43C-B5B1B9E685DE}
	EndGlobalSection
EndGlobal
